
Microsoft Visual Studio Solution File, Format Version 12.00
# Visual Studio Version 17
VisualStudioVersion = 17.0.31903.59
MinimumVisualStudioVersion = 10.0.40219.1
Project("{FAE04EC0-301F-11D3-BF4B-00C04F79EFBC}") = "MySolve", "MySolve.csproj", "{EE2F5B97-8B04-4EF4-A44E-3F218185B440}"
EndProject
Project("{FAE04EC0-301F-11D3-BF4B-00C04F79EFBC}") = "ToDo.Tests", "..\ToDo.Tests\ToDo.Tests.csproj", "{8F230500-6D92-4423-A8CC-4073048EC27E}"
EndProject
Global
	GlobalSection(SolutionConfigurationPlatforms) = preSolution
		Debug|Any CPU = Debug|Any CPU
		Release|Any CPU = Release|Any CPU
	EndGlobalSection
	GlobalSection(SolutionProperties) = preSolution
		HideSolutionNode = FALSE
	EndGlobalSection
	GlobalSection(ProjectConfigurationPlatforms) = postSolution
		{EE2F5B97-8B04-4EF4-A44E-3F218185B440}.Debug|Any CPU.ActiveCfg = Debug|Any CPU
		{EE2F5B97-8B04-4EF4-A44E-3F218185B440}.Debug|Any CPU.Build.0 = Debug|Any CPU
		{EE2F5B97-8B04-4EF4-A44E-3F218185B440}.Release|Any CPU.ActiveCfg = Release|Any CPU
		{EE2F5B97-8B04-4EF4-A44E-3F218185B440}.Release|Any CPU.Build.0 = Release|Any CPU
		{8F230500-6D92-4423-A8CC-4073048EC27E}.Debug|Any CPU.ActiveCfg = Debug|Any CPU
		{8F230500-6D92-4423-A8CC-4073048EC27E}.Debug|Any CPU.Build.0 = Debug|Any CPU
		{8F230500-6D92-4423-A8CC-4073048EC27E}.Release|Any CPU.ActiveCfg = Release|Any CPU
		{8F230500-6D92-4423-A8CC-4073048EC27E}.Release|Any CPU.Build.0 = Release|Any CPU
	EndGlobalSection
EndGlobal
