
Microsoft Visual Studio Solution File, Format Version 12.00
# Visual Studio Version 17
VisualStudioVersion = 17.0.31903.59
MinimumVisualStudioVersion = 10.0.40219.1
Project("{FAE04EC0-301F-11D3-BF4B-00C04F79EFBC}") = "MySolve", "MySolve.csproj", "{4CB64CB0-A8C0-48C0-AA80-C7372A631973}"
EndProject
Project("{FAE04EC0-301F-11D3-BF4B-00C04F79EFBC}") = "Client", "..\Client\Client.csproj", "{FF6B1AC4-525A-4D7B-AF79-E2939A87D7A6}"
EndProject
Global
	GlobalSection(SolutionConfigurationPlatforms) = preSolution
		Debug|Any CPU = Debug|Any CPU
		Release|Any CPU = Release|Any CPU
	EndGlobalSection
	GlobalSection(SolutionProperties) = preSolution
		HideSolutionNode = FALSE
	EndGlobalSection
	GlobalSection(ProjectConfigurationPlatforms) = postSolution
		{4CB64CB0-A8C0-48C0-AA80-C7372A631973}.Debug|Any CPU.ActiveCfg = Debug|Any CPU
		{4CB64CB0-A8C0-48C0-AA80-C7372A631973}.Debug|Any CPU.Build.0 = Debug|Any CPU
		{4CB64CB0-A8C0-48C0-AA80-C7372A631973}.Release|Any CPU.ActiveCfg = Release|Any CPU
		{4CB64CB0-A8C0-48C0-AA80-C7372A631973}.Release|Any CPU.Build.0 = Release|Any CPU
		{FF6B1AC4-525A-4D7B-AF79-E2939A87D7A6}.Debug|Any CPU.ActiveCfg = Debug|Any CPU
		{FF6B1AC4-525A-4D7B-AF79-E2939A87D7A6}.Debug|Any CPU.Build.0 = Debug|Any CPU
		{FF6B1AC4-525A-4D7B-AF79-E2939A87D7A6}.Release|Any CPU.ActiveCfg = Release|Any CPU
		{FF6B1AC4-525A-4D7B-AF79-E2939A87D7A6}.Release|Any CPU.Build.0 = Release|Any CPU
	EndGlobalSection
EndGlobal
